<Solution>
  <Folder Name="/Solution Items/">
    <File Path=".editorconfig" />
    <File Path=".gitignore" />
    <File Path="CHANGELOG.md" />
    <File Path="integration_tests.runsettings" />
  </Folder>
  <Project Path="Integration Tests/Integration Tests.csproj" />
  <Project Path="Sandbox Database Template Testing/Sandbox Database Template Testing.csproj" />
  <Project Path="Sandbox Database Template/Sandbox Database Template.csproj" />
  <Project Path="Unit Tests/Unit Tests.csproj" />
</Solution>
